
Microsoft Visual Studio Solution File, Format Version 12.00
# Visual Studio 15
VisualStudioVersion = 15.0.28307.489
MinimumVisualStudioVersion = 10.0.40219.1
Project("{FAE04EC0-301F-11D3-BF4B-00C04F79EFBC}") = "LinkedNodesContentApp", "LinkedNodesContentApp\LinkedNodesContentApp.csproj", "{28053B6D-0F43-44E0-8F18-AD92ADE862A5}"
EndProject
Global
	GlobalSection(SolutionConfigurationPlatforms) = preSolution
		Debug|Any CPU = Debug|Any CPU
		Release|Any CPU = Release|Any CPU
	EndGlobalSection
	GlobalSection(ProjectConfigurationPlatforms) = postSolution
		{28053B6D-0F43-44E0-8F18-AD92ADE862A5}.Debug|Any CPU.ActiveCfg = Debug|Any CPU
		{28053B6D-0F43-44E0-8F18-AD92ADE862A5}.Debug|Any CPU.Build.0 = Debug|Any CPU
		{28053B6D-0F43-44E0-8F18-AD92ADE862A5}.Release|Any CPU.ActiveCfg = Release|Any CPU
		{28053B6D-0F43-44E0-8F18-AD92ADE862A5}.Release|Any CPU.Build.0 = Release|Any CPU
	EndGlobalSection
	GlobalSection(SolutionProperties) = preSolution
		HideSolutionNode = FALSE
	EndGlobalSection
	GlobalSection(ExtensibilityGlobals) = postSolution
		SolutionGuid = {1F45677F-9081-48DB-94FA-26DD3AED80CA}
	EndGlobalSection
EndGlobal
